
Microsoft Visual Studio Solution File, Format Version 12.00
# Visual Studio Version 17
VisualStudioVersion = 17.5.33627.172
MinimumVisualStudioVersion = 10.0.40219.1
Project("{9A19103F-16F7-4668-BE54-9A1E7A4F7556}") = "LiveDraw", "LiveDraw\LiveDraw.csproj", "{5CAA7FE4-8BFB-4054-A932-46638196DC50}"
EndProject
Global
	GlobalSection(SolutionConfigurationPlatforms) = preSolution
		Debug|Any CPU = Debug|Any CPU
		Debug|x64 = Debug|x64
		LiveDraw|Any CPU = LiveDraw|Any CPU
		LiveDraw|x64 = LiveDraw|x64
		Release|Any CPU = Release|Any CPU
		Release|x64 = Release|x64
	EndGlobalSection
	GlobalSection(ProjectConfigurationPlatforms) = postSolution
		{5CAA7FE4-8BFB-4054-A932-46638196DC50}.Debug|Any CPU.ActiveCfg = Debug|Any CPU
		{5CAA7FE4-8BFB-4054-A932-46638196DC50}.Debug|Any CPU.Build.0 = Debug|Any CPU
		{5CAA7FE4-8BFB-4054-A932-46638196DC50}.Debug|x64.ActiveCfg = Debug|Any CPU
		{5CAA7FE4-8BFB-4054-A932-46638196DC50}.LiveDraw|Any CPU.ActiveCfg = LiveDraw|Any CPU
		{5CAA7FE4-8BFB-4054-A932-46638196DC50}.LiveDraw|Any CPU.Build.0 = LiveDraw|Any CPU
		{5CAA7FE4-8BFB-4054-A932-46638196DC50}.LiveDraw|x64.ActiveCfg = LiveDraw|x64
		{5CAA7FE4-8BFB-4054-A932-46638196DC50}.LiveDraw|x64.Build.0 = LiveDraw|x64
		{5CAA7FE4-8BFB-4054-A932-46638196DC50}.Release|Any CPU.ActiveCfg = Release|Any CPU
		{5CAA7FE4-8BFB-4054-A932-46638196DC50}.Release|Any CPU.Build.0 = Release|Any CPU
		{5CAA7FE4-8BFB-4054-A932-46638196DC50}.Release|x64.ActiveCfg = Release|Any CPU
	EndGlobalSection
	GlobalSection(SolutionProperties) = preSolution
		HideSolutionNode = FALSE
	EndGlobalSection
	GlobalSection(ExtensibilityGlobals) = postSolution
		SolutionGuid = {54108D56-B324-41E9-A48B-A057CC171F92}
	EndGlobalSection
EndGlobal
